
Microsoft Visual Studio Solution File, Format Version 12.00
# Visual Studio Version 17
VisualStudioVersion = 17.5.002.0
MinimumVisualStudioVersion = 10.0.40219.1
Project("{9A19103F-16F7-4668-BE54-9A1E7A4F7556}") = "DesafioPOO", "DesafioPOO.csproj", "{25FF5BB9-857E-41CD-804A-DCBD8C961C61}"
EndProject
Global
	GlobalSection(SolutionConfigurationPlatforms) = preSolution
		Debug|Any CPU = Debug|Any CPU
		Release|Any CPU = Release|Any CPU
	EndGlobalSection
	GlobalSection(ProjectConfigurationPlatforms) = postSolution
		{25FF5BB9-857E-41CD-804A-DCBD8C961C61}.Debug|Any CPU.ActiveCfg = Debug|Any CPU
		{25FF5BB9-857E-41CD-804A-DCBD8C961C61}.Debug|Any CPU.Build.0 = Debug|Any CPU
		{25FF5BB9-857E-41CD-804A-DCBD8C961C61}.Release|Any CPU.ActiveCfg = Release|Any CPU
		{25FF5BB9-857E-41CD-804A-DCBD8C961C61}.Release|Any CPU.Build.0 = Release|Any CPU
	EndGlobalSection
	GlobalSection(SolutionProperties) = preSolution
		HideSolutionNode = FALSE
	EndGlobalSection
	GlobalSection(ExtensibilityGlobals) = postSolution
		SolutionGuid = {7FB02577-0F56-4375-A4E1-1B071D34BBCA}
	EndGlobalSection
EndGlobal
